
Microsoft Visual Studio Solution File, Format Version 12.00
# Visual Studio 15
VisualStudioVersion = 15.0.28010.2003
MinimumVisualStudioVersion = 10.0.40219.1
Project("{FAE04EC0-301F-11D3-BF4B-00C04F79EFBC}") = "ConsoleApp3", "ConsoleApp3\ConsoleApp3.csproj", "{298CD6E7-7540-461F-967B-3CA99D135A76}"
EndProject
Global
	GlobalSection(SolutionConfigurationPlatforms) = preSolution
		Debug|Any CPU = Debug|Any CPU
		Release|Any CPU = Release|Any CPU
	EndGlobalSection
	GlobalSection(ProjectConfigurationPlatforms) = postSolution
		{298CD6E7-7540-461F-967B-3CA99D135A76}.Debug|Any CPU.ActiveCfg = Debug|Any CPU
		{298CD6E7-7540-461F-967B-3CA99D135A76}.Debug|Any CPU.Build.0 = Debug|Any CPU
		{298CD6E7-7540-461F-967B-3CA99D135A76}.Release|Any CPU.ActiveCfg = Release|Any CPU
		{298CD6E7-7540-461F-967B-3CA99D135A76}.Release|Any CPU.Build.0 = Release|Any CPU
	EndGlobalSection
	GlobalSection(SolutionProperties) = preSolution
		HideSolutionNode = FALSE
	EndGlobalSection
	GlobalSection(ExtensibilityGlobals) = postSolution
		SolutionGuid = {0B3D09A4-52CD-40CA-AC81-BCEFFB4178CC}
	EndGlobalSection
EndGlobal
